
Microsoft Visual Studio Solution File, Format Version 12.00
# Visual Studio 15
VisualStudioVersion = 15.0.27428.2015
MinimumVisualStudioVersion = 10.0.40219.1
Project("{FAE04EC0-301F-11D3-BF4B-00C04F79EFBC}") = "BindingRedirect.Parent", "BindingRedirect.Parent\BindingRedirect.Parent.csproj", "{68029786-3D38-4DB9-A131-E00E22A3588F}"
EndProject
Global
	GlobalSection(SolutionConfigurationPlatforms) = preSolution
		Debug|Any CPU = Debug|Any CPU
		Release|Any CPU = Release|Any CPU
	EndGlobalSection
	GlobalSection(ProjectConfigurationPlatforms) = postSolution
		{68029786-3D38-4DB9-A131-E00E22A3588F}.Debug|Any CPU.ActiveCfg = Debug|Any CPU
		{68029786-3D38-4DB9-A131-E00E22A3588F}.Debug|Any CPU.Build.0 = Debug|Any CPU
		{68029786-3D38-4DB9-A131-E00E22A3588F}.Release|Any CPU.ActiveCfg = Release|Any CPU
		{68029786-3D38-4DB9-A131-E00E22A3588F}.Release|Any CPU.Build.0 = Release|Any CPU
	EndGlobalSection
	GlobalSection(SolutionProperties) = preSolution
		HideSolutionNode = FALSE
	EndGlobalSection
	GlobalSection(ExtensibilityGlobals) = postSolution
		SolutionGuid = {3844B786-E30F-4C0C-A975-EA6422B46837}
	EndGlobalSection
EndGlobal
